bitbucket.org/kardianos/osext v0.0.0-20181027061946-15c52d0993e9 h1:e4OTPTo8CRlaXb79fvCXZIHLLOgAf4r360j6NspbhRk=
bitbucket.org/kardianos/osext v0.0.0-20181027061946-15c52d0993e9/go.mod h1:gCJCsH2RZ6GzBARZLbHxrfO81GvxS0XbMqlnU8aSli0=
github.com/bgentry/go-netrc v0.0.0-20140422174119-9fd32a8b3d3d h1:xDfNPAt8lFiC1UJrqV3uuy861HCTo708pDMbjHHdCas=
github.com/bgentry/go-netrc v0.0.0-20140422174119-9fd32a8b3d3d/go.mod h1:6QX/PXZ00z/TKoufEY6K/a0k6AhaJrQKdFe6OfVXsa4=
github.com/bgentry/heroku-go v0.0.0-20150810151148-ee4032d686ae h1:Sdh9AWnsTAGdLqf10LDmdeoIiTFF+EeKAz4aUIXaNuo=
github.com/bgentry/heroku-go v0.0.0-20150810151148-ee4032d686ae/go.mod h1:7ygWQAEBquyNp8ZGdKHHqqt7+xbD8vF6vqoMZMliLro=
github.com/bgentry/pflag v0.0.0-20140324094540-b008717215c7 h1:bV3Jk326itfftg9tyEzg/dypkvCvM3QHdZ08YQWQA8k=
github.com/bgentry/pflag v0.0.0-20140324094540-b008717215c7/go.mod h1:ba78cKoZSe4ZZBFkG9C7hdht0nVQpAaF1CG+gvdQrT0=
github.com/bgentry/speakeasy v0.1.0 h1:ByYyxL9InA1OWqxJqqp2A5pYHUrCiAL6K3J+LKSsQkY=
github.com/bgentry/speakeasy v0.1.0/go.mod h1:+zsyZBPWlz7T6j88CTgSN5bM796AkVf0kBD4zp0CCIs=
github.com/bgentry/testnet v0.0.0-20131107221340-05450cdcf16c h1:sWPqo3Q1HqbNqab1LCXRz67rPS+fL/flh1IgzYZ4MEA=
github.com/bgentry/testnet v0.0.0-20131107221340-05450cdcf16c/go.mod h1:gWdCZ7eKIKORr885Z8ljiWnHJ7J/YZKKxrnW5GlJIQI=
github.com/bmizerany/pq v0.0.0-20131128184720-da2b95e392c1 h1:1clOQIolnXGoH1SUo8ZPgdfOWFp/6i8NuRerrVL/TAc=
github.com/bmizerany/pq v0.0.0-20131128184720-da2b95e392c1/go.mod h1:YR6v6TjYGQnPky7rSf5U+AiQ4+EHIVmFYbhHUPo5L2U=
github.com/davecgh/go-spew v1.1.1 h1:vj9j/u1bqnvCEfJOwUhtlOARqs3+rkHYY13jYWTU97c=
github.com/davecgh/go-spew v1.1.1/go.mod h1:J7Y8YcW2NihsgmVo/mv3lAwl/skON4iLHjSsI+c5H38=
github.com/google/uuid v1.0.0 h1:b4Gk+7WdP/d3HZH8EJsZpvV7EtDOgaZLtnaNGIu1adA=
github.com/google/uuid v1.0.0/go.mod h1:TIyPZe4MgqvfeYDBFedMoGGpEw/LqOeaOT+nhxU+yHo=
github.com/gorilla/mux v1.8.1 h1:TuBL49tXwgrFYWhqrNgrUNEY92u81SPhu7sTdzQEiWY=
github.com/gorilla/mux v1.8.1/go.mod h1:AKf9I4AEqPTmMytcMc0KkNouC66V3BtZ4qD5fmWSiMQ=
github.com/inconshreveable/go-update v0.0.0-20131015154513-3f0466666779 h1:ztNPyz79sF4D9W/UeayxsXzP/Wns27aUXcHH5c9y7Mk=
github.com/inconshreveable/go-update v0.0.0-20131015154513-3f0466666779/go.mod h1:hyb9oH7vZsitZCiBt0ZvifOrB+qc8PS5IiilCIb87rg=
github.com/inconshreveable/go-update v0.0.0-20160112193335-8152e7eb6ccf h1:WfD7VjIE6z8dIvMsI4/s+1qr5EL+zoIGev1BQj1eoJ8=
github.com/inconshreveable/go-update v0.0.0-20160112193335-8152e7eb6ccf/go.mod h1:hyb9oH7vZsitZCiBt0ZvifOrB+qc8PS5IiilCIb87rg=
github.com/kardianos/osext v0.0.0-20190222173326-2bc1f35cddc0 h1:iQTw/8FWTuc7uiaSepXwyf3o52HaUYcV+Tu66S3F5GA=
github.com/kardianos/osext v0.0.0-20190222173326-2bc1f35cddc0/go.mod h1:1NbS8ALrpOvjt0rHPNLyCIeMtbizbir8U//inJ+zuB8=
github.com/kr/binarydist v0.1.0 h1:6kAoLA9FMMnNGSehX0s1PdjbEaACznAv/W219j2uvyo=
github.com/kr/binarydist v0.1.0/go.mod h1:DY7S//GCoz1BCd0B0EVrinCKAZN3pXe+MDaIZbXQVgM=
github.com/kr/s3 v0.0.0-20141124221453-c070c8f9a8f0 h1:bLjL3nSej4XGId07SZuEOA5vMw96TDBR+wkxRiFTyh8=
github.com/kr/s3 v0.0.0-20141124221453-c070c8f9a8f0/go.mod h1:7Wv7bwX+2gz9BK8LYt3/R39wQB+bAGia6qh06BL2iNo=
github.com/kr/secureheader v0.2.0 h1:Fe/BS3McH8EGMSc+HzaZkkRnrCyx2gq9kSVgLbyBNrA=
github.com/kr/secureheader v0.2.0/go.mod h1:PfvbGMMfqBg6z+vxKGKbSJRcmASZc4klL5DiW9V5iLI=
github.com/mattn/go-colorable v0.1.13 h1:fFA4WZxdEF4tXPZVKMLwD8oUnCTTo08duU7wxecdEvA=
github.com/mattn/go-colorable v0.1.13/go.mod h1:7S9/ev0klgBDR4GtXTXX8a3vIGJpMovkB8vQcUbaXHg=
github.com/mattn/go-isatty v0.0.16 h1:bq3VjFmv/sOjHtdEhmkEV4x1AJtvUvOJ2PFAZ5+peKQ=
github.com/mattn/go-isatty v0.0.16/go.mod h1:kYGgaQfpe5nmfYZH+SKPsOc2e4SrIfOl2e/yFXSvRLM=
github.com/mgutz/ansi v0.0.0-20200706080929-d51e80ef957d h1:5PJl274Y63IEHC+7izoQE9x6ikvDFZS2mDVS3drnohI=
github.com/mgutz/ansi v0.0.0-20200706080929-d51e80ef957d/go.mod h1:01TrycV0kFyexm33Z7vhZRXopbI8J3TDReVlkTgMUxE=
github.com/ogier/pflag v0.0.1 h1:RW6JSWSu/RkSatfcLtogGfFgpim5p7ARQ10ECk5O750=
github.com/ogier/pflag v0.0.1/go.mod h1:zkFki7tvTa0tafRvTBIZTvzYyAu6kQhPZFnshFFPE+g=
github.com/pborman/uuid v1.2.1 h1:+ZZIw58t/ozdjRaXh/3awHfmWRbzYxJoAdNJxe/3pvw=
github.com/pborman/uuid v1.2.1/go.mod h1:X/NO0urCmaxf9VXbdlT7C2Yzkj2IKimNn4k+gtPdI/k=
github.com/pmezard/go-difflib v1.0.0 h1:4DBwDE0NGyQoBHbLQYPwSUPoCMWR5BEzIk/f1lZbAQM=
github.com/pmezard/go-difflib v1.0.0/go.mod h1:iKH77koFhYxTK1pcRnkKkqfTogsbg7gZNVY4sRDYZ/4=
github.com/stretchr/testify v1.8.4 h1:CcVxjf3Q8PM0mHUKJCdn+eZZtm5yQwehR5yeSVQQcUk=
github.com/stretchr/testify v1.8.4/go.mod h1:sz/lmYIOXD/1dqDmKjjqLyZ2RngseejIcXlSw2iwfAo=
golang.org/x/sys v0.0.0-20220811171246-fbc7d0a398ab h1:2QkjZIsXupsJbJIdSjjUOgWK3aEtzyuh2mPt3l/CkeU=
golang.org/x/sys v0.0.0-20220811171246-fbc7d0a398ab/go.mod h1:oPkhp1MJrh7nUepCBck5+mAzfO9JrbApNNgaTdGDITg=
gopkg.in/check.v1 v0.0.0-20161208181325-20d25e280405/go.mod h1:Co6ibVJAznAaIkqp8huTwlJQCZ016jof/cbN4VW5Yz0=
gopkg.in/yaml.v3 v3.0.1 h1:fxVm/GzAzEWqLHuvctI91KS9hhNmmWOoWu0XTYJS7CA=
gopkg.in/yaml.v3 v3.0.1/go.mod h1:K4uyk7z7BCEPqu6E+C64Yfv1cQ7kz7rIZviUmN+EgEM=
